{
    "_meta": {
        "hash": {
            "sha256": "9629360fb17df431fc8de9f896ff64c4b60f9284eaa48ca86ba18319b02a113a"
        },
        "pipfile-spec": 6,
        "requires": {
            "python_version": "3.7"
        },
        "sources": [
            {
                "name": "pypi",
                "url": "https://pypi.python.org/simple",
                "verify_ssl": true
            }
        ]
    },
    "default": {},
    "develop": {}
}
